// !$*UTF8*$!
{
	archiveVersion = 1;
	classes = {
	};
	objectVersion = 48;
	objects = {

/* Begin PBXBuildFile section */
		58ED81202007D0BC00648BEC /* AppDelegate.swift in Sources */ = {isa = PBXBuildFile; fileRef = 58ED811F2007D0BC00648BEC /* AppDelegate.swift */; };
		58ED81252007D0BC00648BEC /* Main.storyboard in Resources */ = {isa = PBXBuildFile; fileRef = 58ED81232007D0BC00648BEC /* Main.storyboard */; };
		58ED81272007D0BC00648BEC /* Assets.xcassets in Resources */ = {isa = PBXBuildFile; fileRef = 58ED81262007D0BC00648BEC /* Assets.xcassets */; };
		58ED812A2007D0BC00648BEC /* LaunchScreen.storyboard in Resources */ = {isa = PBXBuildFile; fileRef = 58ED81282007D0BC00648BEC /* LaunchScreen.storyboard */; };
		58ED81382007D14800648BEC /* faq.png in Resources */ = {isa = PBXBuildFile; fileRef = 58ED81322007D14700648BEC /* faq.png */; };
		58ED81392007D14800648BEC /* profile.png in Resources */ = {isa = PBXBuildFile; fileRef = 58ED81332007D14800648BEC /* profile.png */; };
		58ED813A2007D14800648BEC /* email.png in Resources */ = {isa = PBXBuildFile; fileRef = 58ED81342007D14800648BEC /* email.png */; };
		58ED813B2007D14800648BEC /* menu.png in Resources */ = {isa = PBXBuildFile; fileRef = 58ED81352007D14800648BEC /* menu.png */; };
		58ED813C2007D14800648BEC /* privacy.png in Resources */ = {isa = PBXBuildFile; fileRef = 58ED81362007D14800648BEC /* privacy.png */; };
		58ED813D2007D14800648BEC /* social.png in Resources */ = {isa = PBXBuildFile; fileRef = 58ED81372007D14800648BEC /* social.png */; };
		58ED813F2007D40E00648BEC /* GradientView.swift in Sources */ = {isa = PBXBuildFile; fileRef = 58ED813E2007D40E00648BEC /* GradientView.swift */; };
		58ED81412007D42E00648BEC /* MenuCell.swift in Sources */ = {isa = PBXBuildFile; fileRef = 58ED81402007D42E00648BEC /* MenuCell.swift */; };
		58ED81432007D44A00648BEC /* HomeViewController.swift in Sources */ = {isa = PBXBuildFile; fileRef = 58ED81422007D44A00648BEC /* HomeViewController.swift */; };
		58ED81452007D45500648BEC /* MenuViewController.swift in Sources */ = {isa = PBXBuildFile; fileRef = 58ED81442007D45500648BEC /* MenuViewController.swift */; };
		58ED81472007D5C800648BEC /* MenuPresentationController.swift in Sources */ = {isa = PBXBuildFile; fileRef = 58ED81462007D5C800648BEC /* MenuPresentationController.swift */; };
		58ED81492007D87B00648BEC /* MenuTransitioningDelegate.swift in Sources */ = {isa = PBXBuildFile; fileRef = 58ED81482007D87B00648BEC /* MenuTransitioningDelegate.swift */; };
		58ED814B2007D8C200648BEC /* MenuAnimatedTransitioning.swift in Sources */ = {isa = PBXBuildFile; fileRef = 58ED814A2007D8C200648BEC /* MenuAnimatedTransitioning.swift */; };
/* End PBXBuildFile section */

/* Begin PBXFileReference section */
		58ED811C2007D0BC00648BEC /* Interactive Menu.app */ = {isa = PBXFileReference; explicitFileType = wrapper.application; includeInIndex = 0; path = "Interactive Menu.app"; sourceTree = BUILT_PRODUCTS_DIR; };
		58ED811F2007D0BC00648BEC /* AppDelegate.swift */ = {isa = PBXFileReference; lastKnownFileType = sourcecode.swift; path = AppDelegate.swift; sourceTree = "<group>"; };
		58ED81242007D0BC00648BEC /* Base */ = {isa = PBXFileReference; lastKnownFileType = file.storyboard; name = Base; path = Base.lproj/Main.storyboard; sourceTree = "<group>"; };
		58ED81262007D0BC00648BEC /* Assets.xcassets */ = {isa = PBXFileReference; lastKnownFileType = folder.assetcatalog; path = Assets.xcassets; sourceTree = "<group>"; };
		58ED81292007D0BC00648BEC /* Base */ = {isa = PBXFileReference; lastKnownFileType = file.storyboard; name = Base; path = Base.lproj/LaunchScreen.storyboard; sourceTree = "<group>"; };
		58ED812B2007D0BC00648BEC /* Info.plist */ = {isa = PBXFileReference; lastKnownFileType = text.plist.xml; path = Info.plist; sourceTree = "<group>"; };
		58ED81322007D14700648BEC /* faq.png */ = {isa = PBXFileReference; lastKnownFileType = image.png; path = faq.png; sourceTree = "<group>"; };
		58ED81332007D14800648BEC /* profile.png */ = {isa = PBXFileReference; lastKnownFileType = image.png; path = profile.png; sourceTree = "<group>"; };
		58ED81342007D14800648BEC /* email.png */ = {isa = PBXFileReference; lastKnownFileType = image.png; path = email.png; sourceTree = "<group>"; };
		58ED81352007D14800648BEC /* menu.png */ = {isa = PBXFileReference; lastKnownFileType = image.png; path = menu.png; sourceTree = "<group>"; };
		58ED81362007D14800648BEC /* privacy.png */ = {isa = PBXFileReference; lastKnownFileType = image.png; path = privacy.png; sourceTree = "<group>"; };
		58ED81372007D14800648BEC /* social.png */ = {isa = PBXFileReference; lastKnownFileType = image.png; path = social.png; sourceTree = "<group>"; };
		58ED813E2007D40E00648BEC /* GradientView.swift */ = {isa = PBXFileReference; lastKnownFileType = sourcecode.swift; path = GradientView.swift; sourceTree = "<group>"; };
		58ED81402007D42E00648BEC /* MenuCell.swift */ = {isa = PBXFileReference; lastKnownFileType = sourcecode.swift; path = MenuCell.swift; sourceTree = "<group>"; };
		58ED81422007D44A00648BEC /* HomeViewController.swift */ = {isa = PBXFileReference; lastKnownFileType = sourcecode.swift; path = HomeViewController.swift; sourceTree = "<group>"; };
		58ED81442007D45500648BEC /* MenuViewController.swift */ = {isa = PBXFileReference; lastKnownFileType = sourcecode.swift; path = MenuViewController.swift; sourceTree = "<group>"; };
		58ED81462007D5C800648BEC /* MenuPresentationController.swift */ = {isa = PBXFileReference; lastKnownFileType = sourcecode.swift; path = MenuPresentationController.swift; sourceTree = "<group>"; };
		58ED81482007D87B00648BEC /* MenuTransitioningDelegate.swift */ = {isa = PBXFileReference; lastKnownFileType = sourcecode.swift; path = MenuTransitioningDelegate.swift; sourceTree = "<group>"; };
		58ED814A2007D8C200648BEC /* MenuAnimatedTransitioning.swift */ = {isa = PBXFileReference; lastKnownFileType = sourcecode.swift; path = MenuAnimatedTransitioning.swift; sourceTree = "<group>"; };
/* End PBXFileReference section */

/* Begin PBXFrameworksBuildPhase section */
		58ED81192007D0BC00648BEC /* Frameworks */ = {
			isa = PBXFrameworksBuildPhase;
			buildActionMask = 2147483647;
			files = (
			);
			runOnlyForDeploymentPostprocessing = 0;
		};
/* End PBXFrameworksBuildPhase section */

/* Begin PBXGroup section */
		58ED81132007D0BC00648BEC = {
			isa = PBXGroup;
			children = (
				58ED81312007D13500648BEC /* Images */,
				58ED811E2007D0BC00648BEC /* Interactive Menu */,
				58ED811D2007D0BC00648BEC /* Products */,
			);
			sourceTree = "<group>";
		};
		58ED811D2007D0BC00648BEC /* Products */ = {
			isa = PBXGroup;
			children = (
				58ED811C2007D0BC00648BEC /* Interactive Menu.app */,
			);
			name = Products;
			sourceTree = "<group>";
		};
		58ED811E2007D0BC00648BEC /* Interactive Menu */ = {
			isa = PBXGroup;
			children = (
				58ED811F2007D0BC00648BEC /* AppDelegate.swift */,
				58ED81232007D0BC00648BEC /* Main.storyboard */,
				58ED81262007D0BC00648BEC /* Assets.xcassets */,
				58ED81282007D0BC00648BEC /* LaunchScreen.storyboard */,
				58ED812B2007D0BC00648BEC /* Info.plist */,
				58ED81422007D44A00648BEC /* HomeViewController.swift */,
				58ED81442007D45500648BEC /* MenuViewController.swift */,
				58ED814A2007D8C200648BEC /* MenuAnimatedTransitioning.swift */,
				58ED81462007D5C800648BEC /* MenuPresentationController.swift */,
				58ED81482007D87B00648BEC /* MenuTransitioningDelegate.swift */,
				58ED81402007D42E00648BEC /* MenuCell.swift */,
				58ED813E2007D40E00648BEC /* GradientView.swift */,
			);
			path = "Interactive Menu";
			sourceTree = "<group>";
		};
		58ED81312007D13500648BEC /* Images */ = {
			isa = PBXGroup;
			children = (
				58ED81342007D14800648BEC /* email.png */,
				58ED81322007D14700648BEC /* faq.png */,
				58ED81362007D14800648BEC /* privacy.png */,
				58ED81352007D14800648BEC /* menu.png */,
				58ED81372007D14800648BEC /* social.png */,
				58ED81332007D14800648BEC /* profile.png */,
			);
			path = Images;
			sourceTree = "<group>";
		};
/* End PBXGroup section */

/* Begin PBXNativeTarget section */
		58ED811B2007D0BC00648BEC /* Interactive Menu */ = {
			isa = PBXNativeTarget;
			buildConfigurationList = 58ED812E2007D0BC00648BEC /* Build configuration list for PBXNativeTarget "Interactive Menu" */;
			buildPhases = (
				58ED81182007D0BC00648BEC /* Sources */,
				58ED81192007D0BC00648BEC /* Frameworks */,
				58ED811A2007D0BC00648BEC /* Resources */,
			);
			buildRules = (
			);
			dependencies = (
			);
			name = "Interactive Menu";
			productName = "Interactive Menu";
			productReference = 58ED811C2007D0BC00648BEC /* Interactive Menu.app */;
			productType = "com.apple.product-type.application";
		};
/* End PBXNativeTarget section */

/* Begin PBXProject section */
		58ED81142007D0BC00648BEC /* Project object */ = {
			isa = PBXProject;
			attributes = {
				LastSwiftUpdateCheck = 0920;
				LastUpgradeCheck = 0920;
				ORGANIZATIONNAME = "Darren Kent";
				TargetAttributes = {
					58ED811B2007D0BC00648BEC = {
						CreatedOnToolsVersion = 9.2;
						ProvisioningStyle = Automatic;
					};
				};
			};
			buildConfigurationList = 58ED81172007D0BC00648BEC /* Build configuration list for PBXProject "Interactive Menu" */;
			compatibilityVersion = "Xcode 8.0";
			developmentRegion = en;
			hasScannedForEncodings = 0;
			knownRegions = (
				en,
				Base,
			);
			mainGroup = 58ED81132007D0BC00648BEC;
			productRefGroup = 58ED811D2007D0BC00648BEC /* Products */;
			projectDirPath = "";
			projectRoot = "";
			targets = (
				58ED811B2007D0BC00648BEC /* Interactive Menu */,
			);
		};
/* End PBXProject section */

/* Begin PBXResourcesBuildPhase section */
		58ED811A2007D0BC00648BEC /* Resources */ = {
			isa = PBXResourcesBuildPhase;
			buildActionMask = 2147483647;
			files = (
				58ED812A2007D0BC00648BEC /* LaunchScreen.storyboard in Resources */,
				58ED81392007D14800648BEC /* profile.png in Resources */,
				58ED813D2007D14800648BEC /* social.png in Resources */,
				58ED813A2007D14800648BEC /* email.png in Resources */,
				58ED81272007D0BC00648BEC /* Assets.xcassets in Resources */,
				58ED813B2007D14800648BEC /* menu.png in Resources */,
				58ED81382007D14800648BEC /* faq.png in Resources */,
				58ED81252007D0BC00648BEC /* Main.storyboard in Resources */,
				58ED813C2007D14800648BEC /* privacy.png in Resources */,
			);
			runOnlyForDeploymentPostprocessing = 0;
		};
/* End PBXResourcesBuildPhase section */

/* Begin PBXSourcesBuildPhase section */
		58ED81182007D0BC00648BEC /* Sources */ = {
			isa = PBXSourcesBuildPhase;
			buildActionMask = 2147483647;
			files = (
				58ED813F2007D40E00648BEC /* GradientView.swift in Sources */,
				58ED81452007D45500648BEC /* MenuViewController.swift in Sources */,
				58ED81472007D5C800648BEC /* MenuPresentationController.swift in Sources */,
				58ED814B2007D8C200648BEC /* MenuAnimatedTransitioning.swift in Sources */,
				58ED81202007D0BC00648BEC /* AppDelegate.swift in Sources */,
				58ED81492007D87B00648BEC /* MenuTransitioningDelegate.swift in Sources */,
				58ED81412007D42E00648BEC /* MenuCell.swift in Sources */,
				58ED81432007D44A00648BEC /* HomeViewController.swift in Sources */,
			);
			runOnlyForDeploymentPostprocessing = 0;
		};
/* End PBXSourcesBuildPhase section */

/* Begin PBXVariantGroup section */
		58ED81232007D0BC00648BEC /* Main.storyboard */ = {
			isa = PBXVariantGroup;
			children = (
				58ED81242007D0BC00648BEC /* Base */,
			);
			name = Main.storyboard;
			sourceTree = "<group>";
		};
		58ED81282007D0BC00648BEC /* LaunchScreen.storyboard */ = {
			isa = PBXVariantGroup;
			children = (
				58ED81292007D0BC00648BEC /* Base */,
			);
			name = LaunchScreen.storyboard;
			sourceTree = "<group>";
		};
/* End PBXVariantGroup section */

/* Begin XCBuildConfiguration section */
		58ED812C2007D0BC00648BEC /* Debug */ = {
			isa = XCBuildConfiguration;
			buildSettings = {
				ALWAYS_SEARCH_USER_PATHS = NO;
				CLANG_ANALYZER_NONNULL = YES;
				CLANG_ANALYZER_NUMBER_OBJECT_CONVERSION = YES_AGGRESSIVE;
				CLANG_CXX_LANGUAGE_STANDARD = "gnu++14";
				CLANG_CXX_LIBRARY = "libc++";
				CLANG_ENABLE_MODULES = YES;
				CLANG_ENABLE_OBJC_ARC = YES;
				CLANG_WARN_BLOCK_CAPTURE_AUTORELEASING = YES;
				CLANG_WARN_BOOL_CONVERSION = YES;
				CLANG_WARN_COMMA = YES;
				CLANG_WARN_CONSTANT_CONVERSION = YES;
				CLANG_WARN_DIRECT_OBJC_ISA_USAGE = YES_ERROR;
				CLANG_WARN_DOCUMENTATION_COMMENTS = YES;
				CLANG_WARN_EMPTY_BODY = YES;
				CLANG_WARN_ENUM_CONVERSION = YES;
				CLANG_WARN_INFINITE_RECURSION = YES;
				CLANG_WARN_INT_CONVERSION = YES;
				CLANG_WARN_NON_LITERAL_NULL_CONVERSION = YES;
				CLANG_WARN_OBJC_LITERAL_CONVERSION = YES;
				CLANG_WARN_OBJC_ROOT_CLASS = YES_ERROR;
				CLANG_WARN_RANGE_LOOP_ANALYSIS = YES;
				CLANG_WARN_STRICT_PROTOTYPES = YES;
				CLANG_WARN_SUSPICIOUS_MOVE = YES;
				CLANG_WARN_UNGUARDED_AVAILABILITY = YES_AGGRESSIVE;
				CLANG_WARN_UNREACHABLE_CODE = YES;
				CLANG_WARN__DUPLICATE_METHOD_MATCH = YES;
				CODE_SIGN_IDENTITY = "iPhone Developer";
				COPY_PHASE_STRIP = NO;
				DEBUG_INFORMATION_FORMAT = dwarf;
				ENABLE_STRICT_OBJC_MSGSEND = YES;
				ENABLE_TESTABILITY = YES;
				GCC_C_LANGUAGE_STANDARD = gnu11;
				GCC_DYNAMIC_NO_PIC = NO;
				GCC_NO_COMMON_BLOCKS = YES;
				GCC_OPTIMIZATION_LEVEL = 0;
				GCC_PREPROCESSOR_DEFINITIONS = (
					"DEBUG=1",
					"$(inherited)",
				);
				GCC_WARN_64_TO_32_BIT_CONVERSION = YES;
				GCC_WARN_ABOUT_RETURN_TYPE = YES_ERROR;
				GCC_WARN_UNDECLARED_SELECTOR = YES;
				GCC_WARN_UNINITIALIZED_AUTOS = YES_AGGRESSIVE;
				GCC_WARN_UNUSED_FUNCTION = YES;
				GCC_WARN_UNUSED_VARIABLE = YES;
				IPHONEOS_DEPLOYMENT_TARGET = 11.2;
				MTL_ENABLE_DEBUG_INFO = YES;
				ONLY_ACTIVE_ARCH = YES;
				SDKROOT = iphoneos;
				SWIFT_ACTIVE_COMPILATION_CONDITIONS = DEBUG;
				SWIFT_OPTIMIZATION_LEVEL = "-Onone";
			};
			name = Debug;
		};
		58ED812D2007D0BC00648BEC /* Release */ = {
			isa = XCBuildConfiguration;
			buildSettings = {
				ALWAYS_SEARCH_USER_PATHS = NO;
				CLANG_ANALYZER_NONNULL = YES;
				CLANG_ANALYZER_NUMBER_OBJECT_CONVERSION = YES_AGGRESSIVE;
				CLANG_CXX_LANGUAGE_STANDARD = "gnu++14";
				CLANG_CXX_LIBRARY = "libc++";
				CLANG_ENABLE_MODULES = YES;
				CLANG_ENABLE_OBJC_ARC = YES;
				CLANG_WARN_BLOCK_CAPTURE_AUTORELEASING = YES;
				CLANG_WARN_BOOL_CONVERSION = YES;
				CLANG_WARN_COMMA = YES;
				CLANG_WARN_CONSTANT_CONVERSION = YES;
				CLANG_WARN_DIRECT_OBJC_ISA_USAGE = YES_ERROR;
				CLANG_WARN_DOCUMENTATION_COMMENTS = YES;
				CLANG_WARN_EMPTY_BODY = YES;
				CLANG_WARN_ENUM_CONVERSION = YES;
				CLANG_WARN_INFINITE_RECURSION = YES;
				CLANG_WARN_INT_CONVERSION = YES;
				CLANG_WARN_NON_LITERAL_NULL_CONVERSION = YES;
				CLANG_WARN_OBJC_LITERAL_CONVERSION = YES;
				CLANG_WARN_OBJC_ROOT_CLASS = YES_ERROR;
				CLANG_WARN_RANGE_LOOP_ANALYSIS = YES;
				CLANG_WARN_STRICT_PROTOTYPES = YES;
				CLANG_WARN_SUSPICIOUS_MOVE = YES;
				CLANG_WARN_UNGUARDED_AVAILABILITY = YES_AGGRESSIVE;
				CLANG_WARN_UNREACHABLE_CODE = YES;
				CLANG_WARN__DUPLICATE_METHOD_MATCH = YES;
				CODE_SIGN_IDENTITY = "iPhone Developer";
				COPY_PHASE_STRIP = NO;
				DEBUG_INFORMATION_FORMAT = "dwarf-with-dsym";
				ENABLE_NS_ASSERTIONS = NO;
				ENABLE_STRICT_OBJC_MSGSEND = YES;
				GCC_C_LANGUAGE_STANDARD = gnu11;
				GCC_NO_COMMON_BLOCKS = YES;
				GCC_WARN_64_TO_32_BIT_CONVERSION = YES;
				GCC_WARN_ABOUT_RETURN_TYPE = YES_ERROR;
				GCC_WARN_UNDECLARED_SELECTOR = YES;
				GCC_WARN_UNINITIALIZED_AUTOS = YES_AGGRESSIVE;
				GCC_WARN_UNUSED_FUNCTION = YES;
				GCC_WARN_UNUSED_VARIABLE = YES;
				IPHONEOS_DEPLOYMENT_TARGET = 11.2;
				MTL_ENABLE_DEBUG_INFO = NO;
				SDKROOT = iphoneos;
				SWIFT_OPTIMIZATION_LEVEL = "-Owholemodule";
				VALIDATE_PRODUCT = YES;
			};
			name = Release;
		};
		58ED812F2007D0BC00648BEC /* Debug */ = {
			isa = XCBuildConfiguration;
			buildSettings = {
				ASSETCATALOG_COMPILER_APPICON_NAME = AppIcon;
				CODE_SIGN_STYLE = Automatic;
				DEVELOPMENT_TEAM = 7XW95U3DQX;
				INFOPLIST_FILE = "Interactive Menu/Info.plist";
				IPHONEOS_DEPLOYMENT_TARGET = 9.0;
				LD_RUNPATH_SEARCH_PATHS = "$(inherited) @executable_path/Frameworks";
				PRODUCT_BUNDLE_IDENTIFIER = "darren.kent.Interactive-Menu";
				PRODUCT_NAME = "$(TARGET_NAME)";
				SWIFT_VERSION = 4.0;
				TARGETED_DEVICE_FAMILY = "1,2";
			};
			name = Debug;
		};
		58ED81302007D0BC00648BEC /* Release */ = {
			isa = XCBuildConfiguration;
			buildSettings = {
				ASSETCATALOG_COMPILER_APPICON_NAME = AppIcon;
				CODE_SIGN_STYLE = Automatic;
				DEVELOPMENT_TEAM = 7XW95U3DQX;
				INFOPLIST_FILE = "Interactive Menu/Info.plist";
				IPHONEOS_DEPLOYMENT_TARGET = 9.0;
				LD_RUNPATH_SEARCH_PATHS = "$(inherited) @executable_path/Frameworks";
				PRODUCT_BUNDLE_IDENTIFIER = "darren.kent.Interactive-Menu";
				PRODUCT_NAME = "$(TARGET_NAME)";
				SWIFT_VERSION = 4.0;
				TARGETED_DEVICE_FAMILY = "1,2";
			};
			name = Release;
		};
/* End XCBuildConfiguration section */

/* Begin XCConfigurationList section */
		58ED81172007D0BC00648BEC /* Build configuration list for PBXProject "Interactive Menu" */ = {
			isa = XCConfigurationList;
			buildConfigurations = (
				58ED812C2007D0BC00648BEC /* Debug */,
				58ED812D2007D0BC00648BEC /* Release */,
			);
			defaultConfigurationIsVisible = 0;
			defaultConfigurationName = Release;
		};
		58ED812E2007D0BC00648BEC /* Build configuration list for PBXNativeTarget "Interactive Menu" */ = {
			isa = XCConfigurationList;
			buildConfigurations = (
				58ED812F2007D0BC00648BEC /* Debug */,
				58ED81302007D0BC00648BEC /* Release */,
			);
			defaultConfigurationIsVisible = 0;
			defaultConfigurationName = Release;
		};
/* End XCConfigurationList section */
	};
	rootObject = 58ED81142007D0BC00648BEC /* Project object */;
}
